
Microsoft Visual Studio Solution File, Format Version 12.00
# Visual Studio Version 16
VisualStudioVersion = 16.0.30611.23
MinimumVisualStudioVersion = 10.0.40219.1
Project("{9A19103F-16F7-4668-BE54-9A1E7A4F7556}") = "Median cut", "Median cut\Median cut.csproj", "{6F6849F0-3C3E-4E28-9024-AAE88FDDED36}"
EndProject
Project("{FAE04EC0-301F-11D3-BF4B-00C04F79EFBC}") = "GIU Median Cut", "GIU Median Cut\GIU Median Cut.csproj", "{21B5438C-9B29-4C9B-B663-11E27DB4F15A}"
EndProject
Global
	GlobalSection(SolutionConfigurationPlatforms) = preSolution
		Debug|Any CPU = Debug|Any CPU
		Release|Any CPU = Release|Any CPU
	EndGlobalSection
	GlobalSection(ProjectConfigurationPlatforms) = postSolution
		{6F6849F0-3C3E-4E28-9024-AAE88FDDED36}.Debug|Any CPU.ActiveCfg = Debug|Any CPU
		{6F6849F0-3C3E-4E28-9024-AAE88FDDED36}.Debug|Any CPU.Build.0 = Debug|Any CPU
		{6F6849F0-3C3E-4E28-9024-AAE88FDDED36}.Release|Any CPU.ActiveCfg = Release|Any CPU
		{6F6849F0-3C3E-4E28-9024-AAE88FDDED36}.Release|Any CPU.Build.0 = Release|Any CPU
		{21B5438C-9B29-4C9B-B663-11E27DB4F15A}.Debug|Any CPU.ActiveCfg = Debug|Any CPU
		{21B5438C-9B29-4C9B-B663-11E27DB4F15A}.Debug|Any CPU.Build.0 = Debug|Any CPU
		{21B5438C-9B29-4C9B-B663-11E27DB4F15A}.Release|Any CPU.ActiveCfg = Release|Any CPU
		{21B5438C-9B29-4C9B-B663-11E27DB4F15A}.Release|Any CPU.Build.0 = Release|Any CPU
	EndGlobalSection
	GlobalSection(SolutionProperties) = preSolution
		HideSolutionNode = FALSE
	EndGlobalSection
	GlobalSection(ExtensibilityGlobals) = postSolution
		SolutionGuid = {0FABBFD5-7799-4569-8A80-1596C2B66D54}
	EndGlobalSection
EndGlobal
